
Microsoft Visual Studio Solution File, Format Version 12.00
# Visual Studio Version 16
VisualStudioVersion = 16.0.31005.135
MinimumVisualStudioVersion = 10.0.40219.1
Project("{8BC9CEB8-8B4A-11D0-8D11-00A0C91BC942}") = "Client", "Client\Client.vcxproj", "{0551E3C3-F2EA-45A6-816E-B310C22AE97E}"
EndProject
Project("{8BC9CEB8-8B4A-11D0-8D11-00A0C91BC942}") = "Server", "Server\Server.vcxproj", "{267E8636-D3B0-45D4-A244-268E11E4402C}"
EndProject
Global
	GlobalSection(SolutionConfigurationPlatforms) = preSolution
		Debug|x64 = Debug|x64
		Debug|x86 = Debug|x86
		Release|x64 = Release|x64
		Release|x86 = Release|x86
	EndGlobalSection
	GlobalSection(ProjectConfigurationPlatforms) = postSolution
		{0551E3C3-F2EA-45A6-816E-B310C22AE97E}.Debug|x64.ActiveCfg = Debug|x64
		{0551E3C3-F2EA-45A6-816E-B310C22AE97E}.Debug|x64.Build.0 = Debug|x64
		{0551E3C3-F2EA-45A6-816E-B310C22AE97E}.Debug|x86.ActiveCfg = Debug|Win32
		{0551E3C3-F2EA-45A6-816E-B310C22AE97E}.Debug|x86.Build.0 = Debug|Win32
		{0551E3C3-F2EA-45A6-816E-B310C22AE97E}.Release|x64.ActiveCfg = Release|x64
		{0551E3C3-F2EA-45A6-816E-B310C22AE97E}.Release|x64.Build.0 = Release|x64
		{0551E3C3-F2EA-45A6-816E-B310C22AE97E}.Release|x86.ActiveCfg = Release|Win32
		{0551E3C3-F2EA-45A6-816E-B310C22AE97E}.Release|x86.Build.0 = Release|Win32
		{267E8636-D3B0-45D4-A244-268E11E4402C}.Debug|x64.ActiveCfg = Debug|x64
		{267E8636-D3B0-45D4-A244-268E11E4402C}.Debug|x64.Build.0 = Debug|x64
		{267E8636-D3B0-45D4-A244-268E11E4402C}.Debug|x86.ActiveCfg = Debug|Win32
		{267E8636-D3B0-45D4-A244-268E11E4402C}.Debug|x86.Build.0 = Debug|Win32
		{267E8636-D3B0-45D4-A244-268E11E4402C}.Release|x64.ActiveCfg = Release|x64
		{267E8636-D3B0-45D4-A244-268E11E4402C}.Release|x64.Build.0 = Release|x64
		{267E8636-D3B0-45D4-A244-268E11E4402C}.Release|x86.ActiveCfg = Release|Win32
		{267E8636-D3B0-45D4-A244-268E11E4402C}.Release|x86.Build.0 = Release|Win32
	EndGlobalSection
	GlobalSection(SolutionProperties) = preSolution
		HideSolutionNode = FALSE
	EndGlobalSection
	GlobalSection(ExtensibilityGlobals) = postSolution
		SolutionGuid = {4417B262-B933-4A86-AE1D-604003C866C6}
	EndGlobalSection
EndGlobal
