<?xml version="1.0" encoding="utf-8"?>
<Project ToolsVersion="4.0" xmlns="http://schemas.microsoft.com/developer/msbuild/2003">
  <ItemGroup>
    <Filter Include="리소스 파일">
      <UniqueIdentifier>{67DA6AB6-F800-4c08-8B7A-83BB121AAD01}</UniqueIdentifier>
      <Extensions>rc;ico;cur;bmp;dlg;rc2;rct;bin;rgs;gif;jpg;jpeg;jpe;resx;tiff;tif;png;wav;mfcribbon-ms</Extensions>
    </Filter>
    <Filter Include="01. Header">
      <UniqueIdentifier>{6990beb8-80b9-4501-9951-fd46a863c698}</UniqueIdentifier>
    </Filter>
    <Filter Include="02. Core">
      <UniqueIdentifier>{007ffcba-46e9-48bb-ade9-0fe8ad8e970f}</UniqueIdentifier>
    </Filter>
    <Filter Include="03. Device">
      <UniqueIdentifier>{6a3df6a8-6ff0-43df-af23-1c7c8499da19}</UniqueIdentifier>
    </Filter>
    <Filter Include="ShaderCode">
      <UniqueIdentifier>{cd8a3c12-734b-42a2-967c-ed03a65c7c67}</UniqueIdentifier>
    </Filter>
    <Filter Include="Manager">
      <UniqueIdentifier>{86dda3d4-ee07-4fa7-a80e-d3fe3f031029}</UniqueIdentifier>
    </Filter>
    <Filter Include="Resource">
      <UniqueIdentifier>{fe68851c-f8ab-4cef-be15-6a359a8e6cf0}</UniqueIdentifier>
    </Filter>
    <Filter Include="0. Defalt">
      <UniqueIdentifier>{3ebf1d83-a30a-4065-8e8f-d216a47cbf1f}</UniqueIdentifier>
    </Filter>
  </ItemGroup>
  <ItemGroup>
    <ClInclude Include="stdafx.h" />
    <ClInclude Include="targetver.h" />
    <ClInclude Include="func.h">
      <Filter>01. Header</Filter>
    </ClInclude>
    <ClInclude Include="Core.h">
      <Filter>02. Core</Filter>
    </ClInclude>
    <ClInclude Include="define.h">
      <Filter>01. Header</Filter>
    </ClInclude>
    <ClInclude Include="struct.h">
      <Filter>01. Header</Filter>
    </ClInclude>
    <ClInclude Include="extern.h">
      <Filter>01. Header</Filter>
    </ClInclude>
    <ClInclude Include="global.h">
      <Filter>01. Header</Filter>
    </ClInclude>
    <ClInclude Include="Device.h">
      <Filter>03. Device</Filter>
    </ClInclude>
    <ClInclude Include="KeyMgr.h">
      <Filter>Manager</Filter>
    </ClInclude>
    <ClInclude Include="TimeMgr.h">
      <Filter>Manager</Filter>
    </ClInclude>
    <ClInclude Include="PathMgr.h">
      <Filter>Manager</Filter>
    </ClInclude>
    <ClInclude Include="Resource.h">
      <Filter>Resource</Filter>
    </ClInclude>
    <ClInclude Include="Mesh.h">
      <Filter>Resource</Filter>
    </ClInclude>
    <ClInclude Include="Shader.h">
      <Filter>Resource</Filter>
    </ClInclude>
    <ClInclude Include="Entity.h">
      <Filter>0. Defalt</Filter>
    </ClInclude>
  </ItemGroup>
  <ItemGroup>
    <ClCompile Include="stdafx.cpp" />
    <ClCompile Include="func.cpp">
      <Filter>01. Header</Filter>
    </ClCompile>
    <ClCompile Include="Core.cpp">
      <Filter>02. Core</Filter>
    </ClCompile>
    <ClCompile Include="Device.cpp">
      <Filter>03. Device</Filter>
    </ClCompile>
    <ClCompile Include="KeyMgr.cpp">
      <Filter>Manager</Filter>
    </ClCompile>
    <ClCompile Include="TimeMgr.cpp">
      <Filter>Manager</Filter>
    </ClCompile>
    <ClCompile Include="PathMgr.cpp">
      <Filter>Manager</Filter>
    </ClCompile>
    <ClCompile Include="Resource.cpp">
      <Filter>Resource</Filter>
    </ClCompile>
    <ClCompile Include="Mesh.cpp">
      <Filter>Resource</Filter>
    </ClCompile>
    <ClCompile Include="Shader.cpp">
      <Filter>Resource</Filter>
    </ClCompile>
    <ClCompile Include="Entity.cpp">
      <Filter>0. Defalt</Filter>
    </ClCompile>
    <ClCompile Include="desc.cpp">
      <Filter>0. Defalt</Filter>
    </ClCompile>
  </ItemGroup>
  <ItemGroup>
    <FxCompile Include="std.fx">
      <Filter>ShaderCode</Filter>
    </FxCompile>
  </ItemGroup>
</Project>