
Microsoft Visual Studio Solution File, Format Version 12.00
# Visual Studio Version 16
VisualStudioVersion = 16.0.31005.135
MinimumVisualStudioVersion = 10.0.40219.1
Project("{8BC9CEB8-8B4A-11D0-8D11-00A0C91BC942}") = "Server_ZombieSlaughter", "Server_ZombieSlaughter\Server_ZombieSlaughter.vcxproj", "{599D9E81-30B6-4181-AAC7-37FEAFF820E9}"
EndProject
Global
	GlobalSection(SolutionConfigurationPlatforms) = preSolution
		Debug|x64 = Debug|x64
		Debug|x86 = Debug|x86
		Release|x64 = Release|x64
		Release|x86 = Release|x86
	EndGlobalSection
	GlobalSection(ProjectConfigurationPlatforms) = postSolution
		{599D9E81-30B6-4181-AAC7-37FEAFF820E9}.Debug|x64.ActiveCfg = Debug|x64
		{599D9E81-30B6-4181-AAC7-37FEAFF820E9}.Debug|x64.Build.0 = Debug|x64
		{599D9E81-30B6-4181-AAC7-37FEAFF820E9}.Debug|x86.ActiveCfg = Debug|Win32
		{599D9E81-30B6-4181-AAC7-37FEAFF820E9}.Debug|x86.Build.0 = Debug|Win32
		{599D9E81-30B6-4181-AAC7-37FEAFF820E9}.Release|x64.ActiveCfg = Release|x64
		{599D9E81-30B6-4181-AAC7-37FEAFF820E9}.Release|x64.Build.0 = Release|x64
		{599D9E81-30B6-4181-AAC7-37FEAFF820E9}.Release|x86.ActiveCfg = Release|Win32
		{599D9E81-30B6-4181-AAC7-37FEAFF820E9}.Release|x86.Build.0 = Release|Win32
	EndGlobalSection
	GlobalSection(SolutionProperties) = preSolution
		HideSolutionNode = FALSE
	EndGlobalSection
	GlobalSection(ExtensibilityGlobals) = postSolution
		SolutionGuid = {CACC8CCC-DA7D-4B02-A5BF-5E07EB3F16E8}
	EndGlobalSection
EndGlobal
